// !$*UTF8*$!
{
	archiveVersion = 1;
	classes = {
	};
	objectVersion = 56;
	objects = {

/* Begin PBXBuildFile section */
		12B741782A37D97A00FF62AE /* ChatGPT_DALLEApp.swift in Sources */ = {isa = PBXBuildFile; fileRef = 12B741772A37D97A00FF62AE /* ChatGPT_DALLEApp.swift */; };
		12B7417A2A37D97A00FF62AE /* ContentView.swift in Sources */ = {isa = PBXBuildFile; fileRef = 12B741792A37D97A00FF62AE /* ContentView.swift */; };
		12B7417C2A37D97C00FF62AE /* Assets.xcassets in Resources */ = {isa = PBXBuildFile; fileRef = 12B7417B2A37D97C00FF62AE /* Assets.xcassets */; };
		12B7417F2A37D97C00FF62AE /* Preview Assets.xcassets in Resources */ = {isa = PBXBuildFile; fileRef = 12B7417E2A37D97C00FF62AE /* Preview Assets.xcassets */; };
		12B741872A37DA6700FF62AE /* OpenAIKit in Frameworks */ = {isa = PBXBuildFile; productRef = 12B741862A37DA6700FF62AE /* OpenAIKit */; };
		12B7418A2A37DB2200FF62AE /* ChatGPTSwift in Frameworks */ = {isa = PBXBuildFile; productRef = 12B741892A37DB2200FF62AE /* ChatGPTSwift */; };
		12B741902A37DB9900FF62AE /* DalleViewModel.swift in Sources */ = {isa = PBXBuildFile; fileRef = 12B7418F2A37DB9900FF62AE /* DalleViewModel.swift */; };
		12B741922A37DC2400FF62AE /* Message.swift in Sources */ = {isa = PBXBuildFile; fileRef = 12B741912A37DC2400FF62AE /* Message.swift */; };
		12B741952A37DDCA00FF62AE /* MessageView.swift in Sources */ = {isa = PBXBuildFile; fileRef = 12B741942A37DDCA00FF62AE /* MessageView.swift */; };
		12B741972A37E19000FF62AE /* MessageIndicatorView.swift in Sources */ = {isa = PBXBuildFile; fileRef = 12B741962A37E19000FF62AE /* MessageIndicatorView.swift */; };
		12B741992A37E27100FF62AE /* DalleView.swift in Sources */ = {isa = PBXBuildFile; fileRef = 12B741982A37E27100FF62AE /* DalleView.swift */; };
		12B7419B2A37E57500FF62AE /* ImageSaver.swift in Sources */ = {isa = PBXBuildFile; fileRef = 12B7419A2A37E57500FF62AE /* ImageSaver.swift */; };
		12B7419F2A37E6F600FF62AE /* GPT3View.swift in Sources */ = {isa = PBXBuildFile; fileRef = 12B7419E2A37E6F600FF62AE /* GPT3View.swift */; };
		12B741A32A37E76300FF62AE /* GPT3ViewModel.swift in Sources */ = {isa = PBXBuildFile; fileRef = 12B741A22A37E76300FF62AE /* GPT3ViewModel.swift */; };
/* End PBXBuildFile section */

/* Begin PBXFileReference section */
		12B741742A37D97A00FF62AE /* ChatGPT-DALLE.app */ = {isa = PBXFileReference; explicitFileType = wrapper.application; includeInIndex = 0; path = "ChatGPT-DALLE.app"; sourceTree = BUILT_PRODUCTS_DIR; };
		12B741772A37D97A00FF62AE /* ChatGPT_DALLEApp.swift */ = {isa = PBXFileReference; lastKnownFileType = sourcecode.swift; path = ChatGPT_DALLEApp.swift; sourceTree = "<group>"; };
		12B741792A37D97A00FF62AE /* ContentView.swift */ = {isa = PBXFileReference; lastKnownFileType = sourcecode.swift; path = ContentView.swift; sourceTree = "<group>"; };
		12B7417B2A37D97C00FF62AE /* Assets.xcassets */ = {isa = PBXFileReference; lastKnownFileType = folder.assetcatalog; path = Assets.xcassets; sourceTree = "<group>"; };
		12B7417E2A37D97C00FF62AE /* Preview Assets.xcassets */ = {isa = PBXFileReference; lastKnownFileType = folder.assetcatalog; path = "Preview Assets.xcassets"; sourceTree = "<group>"; };
		12B7418F2A37DB9900FF62AE /* DalleViewModel.swift */ = {isa = PBXFileReference; lastKnownFileType = sourcecode.swift; path = DalleViewModel.swift; sourceTree = "<group>"; };
		12B741912A37DC2400FF62AE /* Message.swift */ = {isa = PBXFileReference; lastKnownFileType = sourcecode.swift; path = Message.swift; sourceTree = "<group>"; };
		12B741942A37DDCA00FF62AE /* MessageView.swift */ = {isa = PBXFileReference; lastKnownFileType = sourcecode.swift; path = MessageView.swift; sourceTree = "<group>"; };
		12B741962A37E19000FF62AE /* MessageIndicatorView.swift */ = {isa = PBXFileReference; lastKnownFileType = sourcecode.swift; path = MessageIndicatorView.swift; sourceTree = "<group>"; };
		12B741982A37E27100FF62AE /* DalleView.swift */ = {isa = PBXFileReference; lastKnownFileType = sourcecode.swift; path = DalleView.swift; sourceTree = "<group>"; };
		12B7419A2A37E57500FF62AE /* ImageSaver.swift */ = {isa = PBXFileReference; lastKnownFileType = sourcecode.swift; path = ImageSaver.swift; sourceTree = "<group>"; };
		12B7419E2A37E6F600FF62AE /* GPT3View.swift */ = {isa = PBXFileReference; lastKnownFileType = sourcecode.swift; path = GPT3View.swift; sourceTree = "<group>"; };
		12B741A22A37E76300FF62AE /* GPT3ViewModel.swift */ = {isa = PBXFileReference; lastKnownFileType = sourcecode.swift; path = GPT3ViewModel.swift; sourceTree = "<group>"; };
/* End PBXFileReference section */

/* Begin PBXFrameworksBuildPhase section */
		12B741712A37D97A00FF62AE /* Frameworks */ = {
			isa = PBXFrameworksBuildPhase;
			buildActionMask = 2147483647;
			files = (
				12B7418A2A37DB2200FF62AE /* ChatGPTSwift in Frameworks */,
				12B741872A37DA6700FF62AE /* OpenAIKit in Frameworks */,
			);
			runOnlyForDeploymentPostprocessing = 0;
		};
/* End PBXFrameworksBuildPhase section */

/* Begin PBXGroup section */
		12B7416B2A37D97A00FF62AE = {
			isa = PBXGroup;
			children = (
				12B741762A37D97A00FF62AE /* ChatGPT-DALLE */,
				12B741752A37D97A00FF62AE /* Products */,
			);
			sourceTree = "<group>";
		};
		12B741752A37D97A00FF62AE /* Products */ = {
			isa = PBXGroup;
			children = (
				12B741742A37D97A00FF62AE /* ChatGPT-DALLE.app */,
			);
			name = Products;
			sourceTree = "<group>";
		};
		12B741762A37D97A00FF62AE /* ChatGPT-DALLE */ = {
			isa = PBXGroup;
			children = (
				12B7418E2A37DB5300FF62AE /* Views */,
				12B7418D2A37DB4E00FF62AE /* ViewModels */,
				12B7418C2A37DB4B00FF62AE /* Models */,
				12B7418B2A37DB4500FF62AE /* Extensions */,
				12B741772A37D97A00FF62AE /* ChatGPT_DALLEApp.swift */,
				12B741792A37D97A00FF62AE /* ContentView.swift */,
				12B7417B2A37D97C00FF62AE /* Assets.xcassets */,
				12B7417D2A37D97C00FF62AE /* Preview Content */,
			);
			path = "ChatGPT-DALLE";
			sourceTree = "<group>";
		};
		12B7417D2A37D97C00FF62AE /* Preview Content */ = {
			isa = PBXGroup;
			children = (
				12B7417E2A37D97C00FF62AE /* Preview Assets.xcassets */,
			);
			path = "Preview Content";
			sourceTree = "<group>";
		};
		12B7418B2A37DB4500FF62AE /* Extensions */ = {
			isa = PBXGroup;
			children = (
				12B7419A2A37E57500FF62AE /* ImageSaver.swift */,
			);
			path = Extensions;
			sourceTree = "<group>";
		};
		12B7418C2A37DB4B00FF62AE /* Models */ = {
			isa = PBXGroup;
			children = (
				12B741912A37DC2400FF62AE /* Message.swift */,
			);
			path = Models;
			sourceTree = "<group>";
		};
		12B7418D2A37DB4E00FF62AE /* ViewModels */ = {
			isa = PBXGroup;
			children = (
				12B7418F2A37DB9900FF62AE /* DalleViewModel.swift */,
				12B741A22A37E76300FF62AE /* GPT3ViewModel.swift */,
			);
			path = ViewModels;
			sourceTree = "<group>";
		};
		12B7418E2A37DB5300FF62AE /* Views */ = {
			isa = PBXGroup;
			children = (
				12B7419E2A37E6F600FF62AE /* GPT3View.swift */,
				12B741982A37E27100FF62AE /* DalleView.swift */,
				12B741932A37DDBF00FF62AE /* Messages */,
			);
			path = Views;
			sourceTree = "<group>";
		};
		12B741932A37DDBF00FF62AE /* Messages */ = {
			isa = PBXGroup;
			children = (
				12B741942A37DDCA00FF62AE /* MessageView.swift */,
				12B741962A37E19000FF62AE /* MessageIndicatorView.swift */,
			);
			path = Messages;
			sourceTree = "<group>";
		};
/* End PBXGroup section */

/* Begin PBXNativeTarget section */
		12B741732A37D97A00FF62AE /* ChatGPT-DALLE */ = {
			isa = PBXNativeTarget;
			buildConfigurationList = 12B741822A37D97C00FF62AE /* Build configuration list for PBXNativeTarget "ChatGPT-DALLE" */;
			buildPhases = (
				12B741702A37D97A00FF62AE /* Sources */,
				12B741712A37D97A00FF62AE /* Frameworks */,
				12B741722A37D97A00FF62AE /* Resources */,
			);
			buildRules = (
			);
			dependencies = (
			);
			name = "ChatGPT-DALLE";
			packageProductDependencies = (
				12B741862A37DA6700FF62AE /* OpenAIKit */,
				12B741892A37DB2200FF62AE /* ChatGPTSwift */,
			);
			productName = "ChatGPT-DALLE";
			productReference = 12B741742A37D97A00FF62AE /* ChatGPT-DALLE.app */;
			productType = "com.apple.product-type.application";
		};
/* End PBXNativeTarget section */

/* Begin PBXProject section */
		12B7416C2A37D97A00FF62AE /* Project object */ = {
			isa = PBXProject;
			attributes = {
				BuildIndependentTargetsInParallel = 1;
				LastSwiftUpdateCheck = 1430;
				LastUpgradeCheck = 1430;
				TargetAttributes = {
					12B741732A37D97A00FF62AE = {
						CreatedOnToolsVersion = 14.3.1;
					};
				};
			};
			buildConfigurationList = 12B7416F2A37D97A00FF62AE /* Build configuration list for PBXProject "ChatGPT-DALLE" */;
			compatibilityVersion = "Xcode 14.0";
			developmentRegion = en;
			hasScannedForEncodings = 0;
			knownRegions = (
				en,
				Base,
			);
			mainGroup = 12B7416B2A37D97A00FF62AE;
			packageReferences = (
				12B741852A37DA6700FF62AE /* XCRemoteSwiftPackageReference "OpenAIKit" */,
				12B741882A37DB2200FF62AE /* XCRemoteSwiftPackageReference "ChatGPTSwift" */,
			);
			productRefGroup = 12B741752A37D97A00FF62AE /* Products */;
			projectDirPath = "";
			projectRoot = "";
			targets = (
				12B741732A37D97A00FF62AE /* ChatGPT-DALLE */,
			);
		};
/* End PBXProject section */

/* Begin PBXResourcesBuildPhase section */
		12B741722A37D97A00FF62AE /* Resources */ = {
			isa = PBXResourcesBuildPhase;
			buildActionMask = 2147483647;
			files = (
				12B7417F2A37D97C00FF62AE /* Preview Assets.xcassets in Resources */,
				12B7417C2A37D97C00FF62AE /* Assets.xcassets in Resources */,
			);
			runOnlyForDeploymentPostprocessing = 0;
		};
/* End PBXResourcesBuildPhase section */

/* Begin PBXSourcesBuildPhase section */
		12B741702A37D97A00FF62AE /* Sources */ = {
			isa = PBXSourcesBuildPhase;
			buildActionMask = 2147483647;
			files = (
				12B741972A37E19000FF62AE /* MessageIndicatorView.swift in Sources */,
				12B741A32A37E76300FF62AE /* GPT3ViewModel.swift in Sources */,
				12B741992A37E27100FF62AE /* DalleView.swift in Sources */,
				12B7419F2A37E6F600FF62AE /* GPT3View.swift in Sources */,
				12B741902A37DB9900FF62AE /* DalleViewModel.swift in Sources */,
				12B741922A37DC2400FF62AE /* Message.swift in Sources */,
				12B7417A2A37D97A00FF62AE /* ContentView.swift in Sources */,
				12B741782A37D97A00FF62AE /* ChatGPT_DALLEApp.swift in Sources */,
				12B741952A37DDCA00FF62AE /* MessageView.swift in Sources */,
				12B7419B2A37E57500FF62AE /* ImageSaver.swift in Sources */,
			);
			runOnlyForDeploymentPostprocessing = 0;
		};
/* End PBXSourcesBuildPhase section */

/* Begin XCBuildConfiguration section */
		12B741802A37D97C00FF62AE /* Debug */ = {
			isa = XCBuildConfiguration;
			buildSettings = {
				ALWAYS_SEARCH_USER_PATHS = NO;
				CLANG_ANALYZER_NONNULL = YES;
				CLANG_ANALYZER_NUMBER_OBJECT_CONVERSION = YES_AGGRESSIVE;
				CLANG_CXX_LANGUAGE_STANDARD = "gnu++20";
				CLANG_ENABLE_MODULES = YES;
				CLANG_ENABLE_OBJC_ARC = YES;
				CLANG_ENABLE_OBJC_WEAK = YES;
				CLANG_WARN_BLOCK_CAPTURE_AUTORELEASING = YES;
				CLANG_WARN_BOOL_CONVERSION = YES;
				CLANG_WARN_COMMA = YES;
				CLANG_WARN_CONSTANT_CONVERSION = YES;
				CLANG_WARN_DEPRECATED_OBJC_IMPLEMENTATIONS = YES;
				CLANG_WARN_DIRECT_OBJC_ISA_USAGE = YES_ERROR;
				CLANG_WARN_DOCUMENTATION_COMMENTS = YES;
				CLANG_WARN_EMPTY_BODY = YES;
				CLANG_WARN_ENUM_CONVERSION = YES;
				CLANG_WARN_INFINITE_RECURSION = YES;
				CLANG_WARN_INT_CONVERSION = YES;
				CLANG_WARN_NON_LITERAL_NULL_CONVERSION = YES;
				CLANG_WARN_OBJC_IMPLICIT_RETAIN_SELF = YES;
				CLANG_WARN_OBJC_LITERAL_CONVERSION = YES;
				CLANG_WARN_OBJC_ROOT_CLASS = YES_ERROR;
				CLANG_WARN_QUOTED_INCLUDE_IN_FRAMEWORK_HEADER = YES;
				CLANG_WARN_RANGE_LOOP_ANALYSIS = YES;
				CLANG_WARN_STRICT_PROTOTYPES = YES;
				CLANG_WARN_SUSPICIOUS_MOVE = YES;
				CLANG_WARN_UNGUARDED_AVAILABILITY = YES_AGGRESSIVE;
				CLANG_WARN_UNREACHABLE_CODE = YES;
				CLANG_WARN__DUPLICATE_METHOD_MATCH = YES;
				COPY_PHASE_STRIP = NO;
				DEBUG_INFORMATION_FORMAT = dwarf;
				ENABLE_STRICT_OBJC_MSGSEND = YES;
				ENABLE_TESTABILITY = YES;
				GCC_C_LANGUAGE_STANDARD = gnu11;
				GCC_DYNAMIC_NO_PIC = NO;
				GCC_NO_COMMON_BLOCKS = YES;
				GCC_OPTIMIZATION_LEVEL = 0;
				GCC_PREPROCESSOR_DEFINITIONS = (
					"DEBUG=1",
					"$(inherited)",
				);
				GCC_WARN_64_TO_32_BIT_CONVERSION = YES;
				GCC_WARN_ABOUT_RETURN_TYPE = YES_ERROR;
				GCC_WARN_UNDECLARED_SELECTOR = YES;
				GCC_WARN_UNINITIALIZED_AUTOS = YES_AGGRESSIVE;
				GCC_WARN_UNUSED_FUNCTION = YES;
				GCC_WARN_UNUSED_VARIABLE = YES;
				IPHONEOS_DEPLOYMENT_TARGET = 16.4;
				MTL_ENABLE_DEBUG_INFO = INCLUDE_SOURCE;
				MTL_FAST_MATH = YES;
				ONLY_ACTIVE_ARCH = YES;
				SDKROOT = iphoneos;
				SWIFT_ACTIVE_COMPILATION_CONDITIONS = DEBUG;
				SWIFT_OPTIMIZATION_LEVEL = "-Onone";
			};
			name = Debug;
		};
		12B741812A37D97C00FF62AE /* Release */ = {
			isa = XCBuildConfiguration;
			buildSettings = {
				ALWAYS_SEARCH_USER_PATHS = NO;
				CLANG_ANALYZER_NONNULL = YES;
				CLANG_ANALYZER_NUMBER_OBJECT_CONVERSION = YES_AGGRESSIVE;
				CLANG_CXX_LANGUAGE_STANDARD = "gnu++20";
				CLANG_ENABLE_MODULES = YES;
				CLANG_ENABLE_OBJC_ARC = YES;
				CLANG_ENABLE_OBJC_WEAK = YES;
				CLANG_WARN_BLOCK_CAPTURE_AUTORELEASING = YES;
				CLANG_WARN_BOOL_CONVERSION = YES;
				CLANG_WARN_COMMA = YES;
				CLANG_WARN_CONSTANT_CONVERSION = YES;
				CLANG_WARN_DEPRECATED_OBJC_IMPLEMENTATIONS = YES;
				CLANG_WARN_DIRECT_OBJC_ISA_USAGE = YES_ERROR;
				CLANG_WARN_DOCUMENTATION_COMMENTS = YES;
				CLANG_WARN_EMPTY_BODY = YES;
				CLANG_WARN_ENUM_CONVERSION = YES;
				CLANG_WARN_INFINITE_RECURSION = YES;
				CLANG_WARN_INT_CONVERSION = YES;
				CLANG_WARN_NON_LITERAL_NULL_CONVERSION = YES;
				CLANG_WARN_OBJC_IMPLICIT_RETAIN_SELF = YES;
				CLANG_WARN_OBJC_LITERAL_CONVERSION = YES;
				CLANG_WARN_OBJC_ROOT_CLASS = YES_ERROR;
				CLANG_WARN_QUOTED_INCLUDE_IN_FRAMEWORK_HEADER = YES;
				CLANG_WARN_RANGE_LOOP_ANALYSIS = YES;
				CLANG_WARN_STRICT_PROTOTYPES = YES;
				CLANG_WARN_SUSPICIOUS_MOVE = YES;
				CLANG_WARN_UNGUARDED_AVAILABILITY = YES_AGGRESSIVE;
				CLANG_WARN_UNREACHABLE_CODE = YES;
				CLANG_WARN__DUPLICATE_METHOD_MATCH = YES;
				COPY_PHASE_STRIP = NO;
				DEBUG_INFORMATION_FORMAT = "dwarf-with-dsym";
				ENABLE_NS_ASSERTIONS = NO;
				ENABLE_STRICT_OBJC_MSGSEND = YES;
				GCC_C_LANGUAGE_STANDARD = gnu11;
				GCC_NO_COMMON_BLOCKS = YES;
				GCC_WARN_64_TO_32_BIT_CONVERSION = YES;
				GCC_WARN_ABOUT_RETURN_TYPE = YES_ERROR;
				GCC_WARN_UNDECLARED_SELECTOR = YES;
				GCC_WARN_UNINITIALIZED_AUTOS = YES_AGGRESSIVE;
				GCC_WARN_UNUSED_FUNCTION = YES;
				GCC_WARN_UNUSED_VARIABLE = YES;
				IPHONEOS_DEPLOYMENT_TARGET = 16.4;
				MTL_ENABLE_DEBUG_INFO = NO;
				MTL_FAST_MATH = YES;
				SDKROOT = iphoneos;
				SWIFT_COMPILATION_MODE = wholemodule;
				SWIFT_OPTIMIZATION_LEVEL = "-O";
				VALIDATE_PRODUCT = YES;
			};
			name = Release;
		};
		12B741832A37D97C00FF62AE /* Debug */ = {
			isa = XCBuildConfiguration;
			buildSettings = {
				ASSETCATALOG_COMPILER_APPICON_NAME = AppIcon;
				ASSETCATALOG_COMPILER_GLOBAL_ACCENT_COLOR_NAME = AccentColor;
				CODE_SIGN_STYLE = Automatic;
				CURRENT_PROJECT_VERSION = 1;
				DEVELOPMENT_ASSET_PATHS = "\"ChatGPT-DALLE/Preview Content\"";
				ENABLE_PREVIEWS = YES;
				GENERATE_INFOPLIST_FILE = YES;
				INFOPLIST_KEY_UIApplicationSceneManifest_Generation = YES;
				INFOPLIST_KEY_UIApplicationSupportsIndirectInputEvents = YES;
				INFOPLIST_KEY_UILaunchScreen_Generation = YES;
				INFOPLIST_KEY_UISupportedInterfaceOrientations_iPad = "UIInterfaceOrientationPortrait UIInterfaceOrientationPortraitUpsideDown UIInterfaceOrientationLandscapeLeft UIInterfaceOrientationLandscapeRight";
				INFOPLIST_KEY_UISupportedInterfaceOrientations_iPhone = "UIInterfaceOrientationPortrait UIInterfaceOrientationLandscapeLeft UIInterfaceOrientationLandscapeRight";
				LD_RUNPATH_SEARCH_PATHS = (
					"$(inherited)",
					"@executable_path/Frameworks",
				);
				MARKETING_VERSION = 1.0;
				PRODUCT_BUNDLE_IDENTIFIER = "calebhrenchir.ChatGPT-DALLE";
				PRODUCT_NAME = "$(TARGET_NAME)";
				SWIFT_EMIT_LOC_STRINGS = YES;
				SWIFT_VERSION = 5.0;
				TARGETED_DEVICE_FAMILY = "1,2";
			};
			name = Debug;
		};
		12B741842A37D97C00FF62AE /* Release */ = {
			isa = XCBuildConfiguration;
			buildSettings = {
				ASSETCATALOG_COMPILER_APPICON_NAME = AppIcon;
				ASSETCATALOG_COMPILER_GLOBAL_ACCENT_COLOR_NAME = AccentColor;
				CODE_SIGN_STYLE = Automatic;
				CURRENT_PROJECT_VERSION = 1;
				DEVELOPMENT_ASSET_PATHS = "\"ChatGPT-DALLE/Preview Content\"";
				ENABLE_PREVIEWS = YES;
				GENERATE_INFOPLIST_FILE = YES;
				INFOPLIST_KEY_UIApplicationSceneManifest_Generation = YES;
				INFOPLIST_KEY_UIApplicationSupportsIndirectInputEvents = YES;
				INFOPLIST_KEY_UILaunchScreen_Generation = YES;
				INFOPLIST_KEY_UISupportedInterfaceOrientations_iPad = "UIInterfaceOrientationPortrait UIInterfaceOrientationPortraitUpsideDown UIInterfaceOrientationLandscapeLeft UIInterfaceOrientationLandscapeRight";
				INFOPLIST_KEY_UISupportedInterfaceOrientations_iPhone = "UIInterfaceOrientationPortrait UIInterfaceOrientationLandscapeLeft UIInterfaceOrientationLandscapeRight";
				LD_RUNPATH_SEARCH_PATHS = (
					"$(inherited)",
					"@executable_path/Frameworks",
				);
				MARKETING_VERSION = 1.0;
				PRODUCT_BUNDLE_IDENTIFIER = "calebhrenchir.ChatGPT-DALLE";
				PRODUCT_NAME = "$(TARGET_NAME)";
				SWIFT_EMIT_LOC_STRINGS = YES;
				SWIFT_VERSION = 5.0;
				TARGETED_DEVICE_FAMILY = "1,2";
			};
			name = Release;
		};
/* End XCBuildConfiguration section */

/* Begin XCConfigurationList section */
		12B7416F2A37D97A00FF62AE /* Build configuration list for PBXProject "ChatGPT-DALLE" */ = {
			isa = XCConfigurationList;
			buildConfigurations = (
				12B741802A37D97C00FF62AE /* Debug */,
				12B741812A37D97C00FF62AE /* Release */,
			);
			defaultConfigurationIsVisible = 0;
			defaultConfigurationName = Release;
		};
		12B741822A37D97C00FF62AE /* Build configuration list for PBXNativeTarget "ChatGPT-DALLE" */ = {
			isa = XCConfigurationList;
			buildConfigurations = (
				12B741832A37D97C00FF62AE /* Debug */,
				12B741842A37D97C00FF62AE /* Release */,
			);
			defaultConfigurationIsVisible = 0;
			defaultConfigurationName = Release;
		};
/* End XCConfigurationList section */

/* Begin XCRemoteSwiftPackageReference section */
		12B741852A37DA6700FF62AE /* XCRemoteSwiftPackageReference "OpenAIKit" */ = {
			isa = XCRemoteSwiftPackageReference;
			repositoryURL = "https://github.com/marcodotio/OpenAIKit.git";
			requirement = {
				kind = upToNextMajorVersion;
				minimumVersion = 1.2.0;
			};
		};
		12B741882A37DB2200FF62AE /* XCRemoteSwiftPackageReference "ChatGPTSwift" */ = {
			isa = XCRemoteSwiftPackageReference;
			repositoryURL = "https://github.com/alfianlosari/ChatGPTSwift.git";
			requirement = {
				kind = upToNextMajorVersion;
				minimumVersion = 1.0.0;
			};
		};
/* End XCRemoteSwiftPackageReference section */

/* Begin XCSwiftPackageProductDependency section */
		12B741862A37DA6700FF62AE /* OpenAIKit */ = {
			isa = XCSwiftPackageProductDependency;
			package = 12B741852A37DA6700FF62AE /* XCRemoteSwiftPackageReference "OpenAIKit" */;
			productName = OpenAIKit;
		};
		12B741892A37DB2200FF62AE /* ChatGPTSwift */ = {
			isa = XCSwiftPackageProductDependency;
			package = 12B741882A37DB2200FF62AE /* XCRemoteSwiftPackageReference "ChatGPTSwift" */;
			productName = ChatGPTSwift;
		};
/* End XCSwiftPackageProductDependency section */
	};
	rootObject = 12B7416C2A37D97A00FF62AE /* Project object */;
}
